
Microsoft Visual Studio Solution File, Format Version 12.00
# Visual Studio 15
VisualStudioVersion = 15.0.28307.271
MinimumVisualStudioVersion = 10.0.40219.1
Project("{8BC9CEB8-8B4A-11D0-8D11-00A0C91BC942}") = "automobile", "automobile\automobile.vcxproj", "{4F2FACE9-80C9-48B9-A44B-604C3008C8F0}"
EndProject
Global
	GlobalSection(SolutionConfigurationPlatforms) = preSolution
		Debug|x64 = Debug|x64
		Debug|x86 = Debug|x86
		Release|x64 = Release|x64
		Release|x86 = Release|x86
	EndGlobalSection
	GlobalSection(ProjectConfigurationPlatforms) = postSolution
		{4F2FACE9-80C9-48B9-A44B-604C3008C8F0}.Debug|x64.ActiveCfg = Debug|x64
		{4F2FACE9-80C9-48B9-A44B-604C3008C8F0}.Debug|x64.Build.0 = Debug|x64
		{4F2FACE9-80C9-48B9-A44B-604C3008C8F0}.Debug|x86.ActiveCfg = Debug|Win32
		{4F2FACE9-80C9-48B9-A44B-604C3008C8F0}.Debug|x86.Build.0 = Debug|Win32
		{4F2FACE9-80C9-48B9-A44B-604C3008C8F0}.Release|x64.ActiveCfg = Release|x64
		{4F2FACE9-80C9-48B9-A44B-604C3008C8F0}.Release|x64.Build.0 = Release|x64
		{4F2FACE9-80C9-48B9-A44B-604C3008C8F0}.Release|x86.ActiveCfg = Release|Win32
		{4F2FACE9-80C9-48B9-A44B-604C3008C8F0}.Release|x86.Build.0 = Release|Win32
	EndGlobalSection
	GlobalSection(SolutionProperties) = preSolution
		HideSolutionNode = FALSE
	EndGlobalSection
	GlobalSection(ExtensibilityGlobals) = postSolution
		SolutionGuid = {143E0567-764E-4228-96FC-57AF3D631D78}
	EndGlobalSection
EndGlobal
